{
  "name": "webedit-react",
  "version": "1.0.2",
  "dependencies": {
    "@mohayonao/web-audio-api-shim": {
      "version": "0.3.0",
      "from": "@mohayonao/web-audio-api-shim@>=0.3.0 <0.4.0",
      "resolved": "https://registry.npmjs.org/@mohayonao/web-audio-api-shim/-/web-audio-api-shim-0.3.0.tgz"
    },
    "ansi-regex": {
      "version": "2.1.1",
      "from": "ansi-regex@>=2.0.0 <3.0.0",
      "resolved": "https://registry.npmjs.org/ansi-regex/-/ansi-regex-2.1.1.tgz"
    },
    "ansi-styles": {
      "version": "2.2.1",
      "from": "ansi-styles@>=2.2.1 <3.0.0",
      "resolved": "https://registry.npmjs.org/ansi-styles/-/ansi-styles-2.2.1.tgz"
    },
    "array-find": {
      "version": "1.0.0",
      "from": "array-find@>=1.0.0 <2.0.0",
      "resolved": "https://registry.npmjs.org/array-find/-/array-find-1.0.0.tgz"
    },
    "asap": {
      "version": "2.0.5",
      "from": "asap@>=2.0.3 <2.1.0",
      "resolved": "https://registry.npmjs.org/asap/-/asap-2.0.5.tgz"
    },
    "babel-code-frame": {
      "version": "6.20.0",
      "from": "babel-code-frame@>=6.20.0 <7.0.0",
      "resolved": "https://registry.npmjs.org/babel-code-frame/-/babel-code-frame-6.20.0.tgz"
    },
    "babel-core": {
      "version": "6.21.0",
      "from": "babel-core@>=6.7.6 <7.0.0",
      "resolved": "https://registry.npmjs.org/babel-core/-/babel-core-6.21.0.tgz"
    },
    "babel-eslint": {
      "version": "6.1.2",
      "from": "babel-eslint@>=6.0.2 <7.0.0",
      "resolved": "https://registry.npmjs.org/babel-eslint/-/babel-eslint-6.1.2.tgz"
    },
    "babel-generator": {
      "version": "6.21.0",
      "from": "babel-generator@>=6.21.0 <7.0.0",
      "resolved": "https://registry.npmjs.org/babel-generator/-/babel-generator-6.21.0.tgz"
    },
    "babel-helpers": {
      "version": "6.16.0",
      "from": "babel-helpers@>=6.16.0 <7.0.0",
      "resolved": "https://registry.npmjs.org/babel-helpers/-/babel-helpers-6.16.0.tgz"
    },
    "babel-messages": {
      "version": "6.8.0",
      "from": "babel-messages@>=6.8.0 <7.0.0",
      "resolved": "https://registry.npmjs.org/babel-messages/-/babel-messages-6.8.0.tgz"
    },
    "babel-plugin-transform-es2015-modules-commonjs": {
      "version": "6.18.0",
      "from": "babel-plugin-transform-es2015-modules-commonjs@>=6.7.4 <7.0.0",
      "resolved": "https://registry.npmjs.org/babel-plugin-transform-es2015-modules-commonjs/-/babel-plugin-transform-es2015-modules-commonjs-6.18.0.tgz"
    },
    "babel-plugin-transform-strict-mode": {
      "version": "6.18.0",
      "from": "babel-plugin-transform-strict-mode@>=6.18.0 <7.0.0",
      "resolved": "https://registry.npmjs.org/babel-plugin-transform-strict-mode/-/babel-plugin-transform-strict-mode-6.18.0.tgz"
    },
    "babel-polyfill": {
      "version": "6.20.0",
      "from": "babel-polyfill@>=6.7.4 <7.0.0",
      "resolved": "https://registry.npmjs.org/babel-polyfill/-/babel-polyfill-6.20.0.tgz"
    },
    "babel-register": {
      "version": "6.18.0",
      "from": "babel-register@>=6.18.0 <7.0.0",
      "resolved": "https://registry.npmjs.org/babel-register/-/babel-register-6.18.0.tgz"
    },
    "babel-runtime": {
      "version": "6.20.0",
      "from": "babel-runtime@>=6.20.0 <7.0.0",
      "resolved": "https://registry.npmjs.org/babel-runtime/-/babel-runtime-6.20.0.tgz"
    },
    "babel-template": {
      "version": "6.16.0",
      "from": "babel-template@>=6.16.0 <7.0.0",
      "resolved": "https://registry.npmjs.org/babel-template/-/babel-template-6.16.0.tgz"
    },
    "babel-traverse": {
      "version": "6.21.0",
      "from": "babel-traverse@>=6.21.0 <7.0.0",
      "resolved": "https://registry.npmjs.org/babel-traverse/-/babel-traverse-6.21.0.tgz"
    },
    "babel-types": {
      "version": "6.21.0",
      "from": "babel-types@>=6.21.0 <7.0.0",
      "resolved": "https://registry.npmjs.org/babel-types/-/babel-types-6.21.0.tgz"
    },
    "babylon": {
      "version": "6.15.0",
      "from": "babylon@>=6.11.0 <7.0.0",
      "resolved": "https://registry.npmjs.org/babylon/-/babylon-6.15.0.tgz"
    },
    "balanced-match": {
      "version": "0.4.2",
      "from": "balanced-match@>=0.4.1 <0.5.0",
      "resolved": "https://registry.npmjs.org/balanced-match/-/balanced-match-0.4.2.tgz"
    },
    "bluebird": {
      "version": "3.4.1",
      "from": "bluebird@3.4.1",
      "resolved": "https://registry.npmjs.org/bluebird/-/bluebird-3.4.1.tgz"
    },
    "bowser": {
      "version": "1.6.0",
      "from": "bowser@>=1.0.0 <2.0.0",
      "resolved": "https://registry.npmjs.org/bowser/-/bowser-1.6.0.tgz"
    },
    "brace-expansion": {
      "version": "1.1.6",
      "from": "brace-expansion@>=1.0.0 <2.0.0",
      "resolved": "https://registry.npmjs.org/brace-expansion/-/brace-expansion-1.1.6.tgz"
    },
    "chalk": {
      "version": "1.1.3",
      "from": "chalk@>=1.1.0 <2.0.0",
      "resolved": "https://registry.npmjs.org/chalk/-/chalk-1.1.3.tgz"
    },
    "change-emitter": {
      "version": "0.1.2",
      "from": "change-emitter@>=0.1.2 <0.2.0",
      "resolved": "https://registry.npmjs.org/change-emitter/-/change-emitter-0.1.2.tgz"
    },
    "concat-map": {
      "version": "0.0.1",
      "from": "concat-map@0.0.1",
      "resolved": "https://registry.npmjs.org/concat-map/-/concat-map-0.0.1.tgz"
    },
    "convert-source-map": {
      "version": "1.3.0",
      "from": "convert-source-map@>=1.1.0 <2.0.0",
      "resolved": "https://registry.npmjs.org/convert-source-map/-/convert-source-map-1.3.0.tgz"
    },
    "core-decorators": {
      "version": "0.12.3",
      "from": "core-decorators@>=0.12.2 <0.13.0",
      "resolved": "https://registry.npmjs.org/core-decorators/-/core-decorators-0.12.3.tgz"
    },
    "core-js": {
      "version": "2.4.1",
      "from": "core-js@>=2.4.0 <3.0.0",
      "resolved": "https://registry.npmjs.org/core-js/-/core-js-2.4.1.tgz"
    },
    "debug": {
      "version": "2.6.0",
      "from": "debug@>=2.1.1 <3.0.0",
      "resolved": "https://registry.npmjs.org/debug/-/debug-2.6.0.tgz"
    },
    "deep-equal": {
      "version": "1.0.1",
      "from": "deep-equal@>=1.0.0 <2.0.0",
      "resolved": "https://registry.npmjs.org/deep-equal/-/deep-equal-1.0.1.tgz"
    },
    "detect-indent": {
      "version": "4.0.0",
      "from": "detect-indent@>=4.0.0 <5.0.0",
      "resolved": "https://registry.npmjs.org/detect-indent/-/detect-indent-4.0.0.tgz"
    },
    "encoding": {
      "version": "0.1.12",
      "from": "encoding@>=0.1.11 <0.2.0",
      "resolved": "https://registry.npmjs.org/encoding/-/encoding-0.1.12.tgz"
    },
    "escape-string-regexp": {
      "version": "1.0.5",
      "from": "escape-string-regexp@>=1.0.2 <2.0.0",
      "resolved": "https://registry.npmjs.org/escape-string-regexp/-/escape-string-regexp-1.0.5.tgz"
    },
    "esutils": {
      "version": "2.0.2",
      "from": "esutils@>=2.0.2 <3.0.0",
      "resolved": "https://registry.npmjs.org/esutils/-/esutils-2.0.2.tgz"
    },
    "exenv": {
      "version": "1.2.1",
      "from": "exenv@>=1.2.0 <2.0.0",
      "resolved": "https://registry.npmjs.org/exenv/-/exenv-1.2.1.tgz"
    },
    "fbjs": {
      "version": "0.8.8",
      "from": "fbjs@>=0.8.4 <0.9.0",
      "resolved": "https://registry.npmjs.org/fbjs/-/fbjs-0.8.8.tgz",
      "dependencies": {
        "core-js": {
          "version": "1.2.7",
          "from": "core-js@>=1.0.0 <2.0.0",
          "resolved": "https://registry.npmjs.org/core-js/-/core-js-1.2.7.tgz"
        }
      }
    },
    "flux-standard-action": {
      "version": "0.6.1",
      "from": "flux-standard-action@>=0.6.1 <0.7.0",
      "resolved": "https://registry.npmjs.org/flux-standard-action/-/flux-standard-action-0.6.1.tgz"
    },
    "font-awesome": {
      "version": "4.7.0",
      "from": "font-awesome@>=4.6.3 <5.0.0",
      "resolved": "https://registry.npmjs.org/font-awesome/-/font-awesome-4.7.0.tgz"
    },
    "fs.realpath": {
      "version": "1.0.0",
      "from": "fs.realpath@>=1.0.0 <2.0.0",
      "resolved": "https://registry.npmjs.org/fs.realpath/-/fs.realpath-1.0.0.tgz"
    },
    "glob": {
      "version": "7.1.1",
      "from": "glob@>=7.0.5 <8.0.0",
      "resolved": "https://registry.npmjs.org/glob/-/glob-7.1.1.tgz"
    },
    "globals": {
      "version": "9.14.0",
      "from": "globals@>=9.0.0 <10.0.0",
      "resolved": "https://registry.npmjs.org/globals/-/globals-9.14.0.tgz"
    },
    "has-ansi": {
      "version": "2.0.0",
      "from": "has-ansi@>=2.0.0 <3.0.0",
      "resolved": "https://registry.npmjs.org/has-ansi/-/has-ansi-2.0.0.tgz"
    },
    "history": {
      "version": "3.0.0",
      "from": "history@3.0.0",
      "resolved": "https://registry.npmjs.org/history/-/history-3.0.0.tgz"
    },
    "hoist-non-react-statics": {
      "version": "1.2.0",
      "from": "hoist-non-react-statics@>=1.0.0 <2.0.0",
      "resolved": "https://registry.npmjs.org/hoist-non-react-statics/-/hoist-non-react-statics-1.2.0.tgz"
    },
    "home-or-tmp": {
      "version": "2.0.0",
      "from": "home-or-tmp@>=2.0.0 <3.0.0",
      "resolved": "https://registry.npmjs.org/home-or-tmp/-/home-or-tmp-2.0.0.tgz"
    },
    "hyphenate-style-name": {
      "version": "1.0.2",
      "from": "hyphenate-style-name@>=1.0.1 <2.0.0",
      "resolved": "https://registry.npmjs.org/hyphenate-style-name/-/hyphenate-style-name-1.0.2.tgz"
    },
    "i18next": {
      "version": "3.3.1",
      "from": "i18next@3.3.1",
      "resolved": "https://registry.npmjs.org/i18next/-/i18next-3.3.1.tgz"
    },
    "iconv-lite": {
      "version": "0.4.15",
      "from": "iconv-lite@>=0.4.13 <0.5.0",
      "resolved": "https://registry.npmjs.org/iconv-lite/-/iconv-lite-0.4.15.tgz"
    },
    "immutable": {
      "version": "3.8.1",
      "from": "immutable@>=3.7.6 <4.0.0",
      "resolved": "https://registry.npmjs.org/immutable/-/immutable-3.8.1.tgz"
    },
    "inflight": {
      "version": "1.0.6",
      "from": "inflight@>=1.0.4 <2.0.0",
      "resolved": "https://registry.npmjs.org/inflight/-/inflight-1.0.6.tgz"
    },
    "inherits": {
      "version": "2.0.3",
      "from": "inherits@>=2.0.0 <3.0.0",
      "resolved": "https://registry.npmjs.org/inherits/-/inherits-2.0.3.tgz"
    },
    "inline-style-prefix-all": {
      "version": "2.0.2",
      "from": "inline-style-prefix-all@>=2.0.2 <3.0.0",
      "resolved": "https://registry.npmjs.org/inline-style-prefix-all/-/inline-style-prefix-all-2.0.2.tgz"
    },
    "inline-style-prefixer": {
      "version": "2.0.5",
      "from": "inline-style-prefixer@>=2.0.1 <3.0.0",
      "resolved": "https://registry.npmjs.org/inline-style-prefixer/-/inline-style-prefixer-2.0.5.tgz"
    },
    "invariant": {
      "version": "2.2.2",
      "from": "invariant@>=2.2.0 <3.0.0",
      "resolved": "https://registry.npmjs.org/invariant/-/invariant-2.2.2.tgz"
    },
    "is-finite": {
      "version": "1.0.2",
      "from": "is-finite@>=1.0.0 <2.0.0",
      "resolved": "https://registry.npmjs.org/is-finite/-/is-finite-1.0.2.tgz"
    },
    "is-stream": {
      "version": "1.1.0",
      "from": "is-stream@>=1.0.1 <2.0.0",
      "resolved": "https://registry.npmjs.org/is-stream/-/is-stream-1.1.0.tgz"
    },
    "isomorphic-fetch": {
      "version": "2.2.1",
      "from": "isomorphic-fetch@>=2.1.1 <3.0.0",
      "resolved": "https://registry.npmjs.org/isomorphic-fetch/-/isomorphic-fetch-2.2.1.tgz"
    },
    "js-tokens": {
      "version": "2.0.0",
      "from": "js-tokens@>=2.0.0 <3.0.0",
      "resolved": "https://registry.npmjs.org/js-tokens/-/js-tokens-2.0.0.tgz"
    },
    "jsesc": {
      "version": "1.3.0",
      "from": "jsesc@>=1.3.0 <2.0.0",
      "resolved": "https://registry.npmjs.org/jsesc/-/jsesc-1.3.0.tgz"
    },
    "json5": {
      "version": "0.5.1",
      "from": "json5@>=0.5.0 <0.6.0",
      "resolved": "https://registry.npmjs.org/json5/-/json5-0.5.1.tgz"
    },
    "keycode": {
      "version": "2.1.8",
      "from": "keycode@>=2.1.1 <3.0.0",
      "resolved": "https://registry.npmjs.org/keycode/-/keycode-2.1.8.tgz"
    },
    "lodash": {
      "version": "4.17.4",
      "from": "lodash@>=4.11.1 <5.0.0",
      "resolved": "https://registry.npmjs.org/lodash/-/lodash-4.17.4.tgz"
    },
    "lodash-es": {
      "version": "4.17.4",
      "from": "lodash-es@>=4.2.1 <5.0.0",
      "resolved": "https://registry.npmjs.org/lodash-es/-/lodash-es-4.17.4.tgz"
    },
    "lodash._basefor": {
      "version": "3.0.3",
      "from": "lodash._basefor@>=3.0.0 <4.0.0",
      "resolved": "https://registry.npmjs.org/lodash._basefor/-/lodash._basefor-3.0.3.tgz"
    },
    "lodash.assign": {
      "version": "4.2.0",
      "from": "lodash.assign@>=4.0.0 <5.0.0",
      "resolved": "https://registry.npmjs.org/lodash.assign/-/lodash.assign-4.2.0.tgz"
    },
    "lodash.isarguments": {
      "version": "3.1.0",
      "from": "lodash.isarguments@>=3.0.0 <4.0.0",
      "resolved": "https://registry.npmjs.org/lodash.isarguments/-/lodash.isarguments-3.1.0.tgz"
    },
    "lodash.isarray": {
      "version": "3.0.4",
      "from": "lodash.isarray@>=3.0.0 <4.0.0",
      "resolved": "https://registry.npmjs.org/lodash.isarray/-/lodash.isarray-3.0.4.tgz"
    },
    "lodash.isplainobject": {
      "version": "3.2.0",
      "from": "lodash.isplainobject@>=3.2.0 <4.0.0",
      "resolved": "https://registry.npmjs.org/lodash.isplainobject/-/lodash.isplainobject-3.2.0.tgz"
    },
    "lodash.keysin": {
      "version": "3.0.8",
      "from": "lodash.keysin@>=3.0.0 <4.0.0",
      "resolved": "https://registry.npmjs.org/lodash.keysin/-/lodash.keysin-3.0.8.tgz"
    },
    "lodash.merge": {
      "version": "4.6.0",
      "from": "lodash.merge@>=4.6.0 <5.0.0",
      "resolved": "https://registry.npmjs.org/lodash.merge/-/lodash.merge-4.6.0.tgz"
    },
    "lodash.pickby": {
      "version": "4.6.0",
      "from": "lodash.pickby@>=4.0.0 <5.0.0",
      "resolved": "https://registry.npmjs.org/lodash.pickby/-/lodash.pickby-4.6.0.tgz"
    },
    "lodash.throttle": {
      "version": "4.1.1",
      "from": "lodash.throttle@>=4.1.1 <5.0.0",
      "resolved": "https://registry.npmjs.org/lodash.throttle/-/lodash.throttle-4.1.1.tgz"
    },
    "loose-envify": {
      "version": "1.3.1",
      "from": "loose-envify@>=1.0.0 <2.0.0",
      "resolved": "https://registry.npmjs.org/loose-envify/-/loose-envify-1.3.1.tgz",
      "dependencies": {
        "js-tokens": {
          "version": "3.0.0",
          "from": "js-tokens@>=3.0.0 <4.0.0",
          "resolved": "https://registry.npmjs.org/js-tokens/-/js-tokens-3.0.0.tgz"
        }
      }
    },
    "material-ui": {
      "version": "0.16.6",
      "from": "material-ui@0.16.6",
      "resolved": "https://registry.npmjs.org/material-ui/-/material-ui-0.16.6.tgz",
      "dependencies": {
        "warning": {
          "version": "3.0.0",
          "from": "warning@>=3.0.0 <4.0.0",
          "resolved": "https://registry.npmjs.org/warning/-/warning-3.0.0.tgz"
        }
      }
    },
    "minimatch": {
      "version": "3.0.3",
      "from": "minimatch@>=3.0.2 <4.0.0",
      "resolved": "https://registry.npmjs.org/minimatch/-/minimatch-3.0.3.tgz"
    },
    "minimist": {
      "version": "0.0.8",
      "from": "minimist@0.0.8",
      "resolved": "https://registry.npmjs.org/minimist/-/minimist-0.0.8.tgz"
    },
    "mkdirp": {
      "version": "0.5.1",
      "from": "mkdirp@>=0.5.1 <0.6.0",
      "resolved": "https://registry.npmjs.org/mkdirp/-/mkdirp-0.5.1.tgz"
    },
    "ms": {
      "version": "0.7.2",
      "from": "ms@0.7.2",
      "resolved": "https://registry.npmjs.org/ms/-/ms-0.7.2.tgz"
    },
    "node-fetch": {
      "version": "1.6.3",
      "from": "node-fetch@>=1.0.1 <2.0.0",
      "resolved": "https://registry.npmjs.org/node-fetch/-/node-fetch-1.6.3.tgz"
    },
    "number-is-nan": {
      "version": "1.0.1",
      "from": "number-is-nan@>=1.0.0 <2.0.0",
      "resolved": "https://registry.npmjs.org/number-is-nan/-/number-is-nan-1.0.1.tgz"
    },
    "object-assign": {
      "version": "4.1.1",
      "from": "object-assign@>=4.1.0 <5.0.0",
      "resolved": "https://registry.npmjs.org/object-assign/-/object-assign-4.1.1.tgz"
    },
    "once": {
      "version": "1.4.0",
      "from": "once@>=1.3.0 <2.0.0",
      "resolved": "https://registry.npmjs.org/once/-/once-1.4.0.tgz"
    },
    "os-homedir": {
      "version": "1.0.2",
      "from": "os-homedir@>=1.0.0 <2.0.0",
      "resolved": "https://registry.npmjs.org/os-homedir/-/os-homedir-1.0.2.tgz"
    },
    "os-tmpdir": {
      "version": "1.0.2",
      "from": "os-tmpdir@>=1.0.1 <2.0.0",
      "resolved": "https://registry.npmjs.org/os-tmpdir/-/os-tmpdir-1.0.2.tgz"
    },
    "path-is-absolute": {
      "version": "1.0.1",
      "from": "path-is-absolute@>=1.0.0 <2.0.0",
      "resolved": "https://registry.npmjs.org/path-is-absolute/-/path-is-absolute-1.0.1.tgz"
    },
    "private": {
      "version": "0.1.6",
      "from": "private@>=0.1.6 <0.2.0",
      "resolved": "https://registry.npmjs.org/private/-/private-0.1.6.tgz"
    },
    "promise": {
      "version": "7.1.1",
      "from": "promise@>=7.1.1 <8.0.0",
      "resolved": "https://registry.npmjs.org/promise/-/promise-7.1.1.tgz"
    },
    "query-string": {
      "version": "4.3.1",
      "from": "query-string@>=4.1.0 <5.0.0",
      "resolved": "https://registry.npmjs.org/query-string/-/query-string-4.3.1.tgz"
    },
    "radium": {
      "version": "0.18.1",
      "from": "radium@>=0.18.1 <0.19.0",
      "resolved": "https://registry.npmjs.org/radium/-/radium-0.18.1.tgz",
      "dependencies": {
        "inline-style-prefixer": {
          "version": "1.0.4",
          "from": "inline-style-prefixer@>=1.0.3 <2.0.0",
          "resolved": "https://registry.npmjs.org/inline-style-prefixer/-/inline-style-prefixer-1.0.4.tgz"
        }
      }
    },
    "react": {
      "version": "15.4.2",
      "from": "react@>=15.0.2 <16.0.0",
      "resolved": "https://registry.npmjs.org/react/-/react-15.4.2.tgz"
    },
    "react-addons-create-fragment": {
      "version": "15.4.2",
      "from": "react-addons-create-fragment@>=15.0.0 <16.0.0",
      "resolved": "https://registry.npmjs.org/react-addons-create-fragment/-/react-addons-create-fragment-15.4.2.tgz"
    },
    "react-addons-shallow-compare": {
      "version": "15.4.2",
      "from": "react-addons-shallow-compare@>=15.4.2 <16.0.0",
      "resolved": "https://registry.npmjs.org/react-addons-shallow-compare/-/react-addons-shallow-compare-15.4.2.tgz"
    },
    "react-addons-transition-group": {
      "version": "15.4.2",
      "from": "react-addons-transition-group@>=15.0.0 <16.0.0",
      "resolved": "https://registry.npmjs.org/react-addons-transition-group/-/react-addons-transition-group-15.4.2.tgz"
    },
    "react-dom": {
      "version": "15.4.2",
      "from": "react-dom@>=15.0.1 <16.0.0",
      "resolved": "https://registry.npmjs.org/react-dom/-/react-dom-15.4.2.tgz"
    },
    "react-event-listener": {
      "version": "0.4.1",
      "from": "react-event-listener@>=0.4.0 <0.5.0",
      "resolved": "https://registry.npmjs.org/react-event-listener/-/react-event-listener-0.4.1.tgz",
      "dependencies": {
        "warning": {
          "version": "3.0.0",
          "from": "warning@>=3.0.0 <4.0.0",
          "resolved": "https://registry.npmjs.org/warning/-/warning-3.0.0.tgz"
        }
      }
    },
    "react-redux": {
      "version": "4.4.6",
      "from": "react-redux@>=4.4.5 <5.0.0",
      "resolved": "https://registry.npmjs.org/react-redux/-/react-redux-4.4.6.tgz"
    },
    "react-router": {
      "version": "2.5.2",
      "from": "react-router@2.5.2",
      "resolved": "https://registry.npmjs.org/react-router/-/react-router-2.5.2.tgz",
      "dependencies": {
        "history": {
          "version": "2.1.2",
          "from": "history@>=2.0.1 <3.0.0",
          "resolved": "https://registry.npmjs.org/history/-/history-2.1.2.tgz"
        },
        "query-string": {
          "version": "3.0.3",
          "from": "query-string@>=3.0.0 <4.0.0",
          "resolved": "https://registry.npmjs.org/query-string/-/query-string-3.0.3.tgz"
        }
      }
    },
    "react-tap-event-plugin": {
      "version": "2.0.1",
      "from": "react-tap-event-plugin@>=2.0.1 <3.0.0",
      "resolved": "https://registry.npmjs.org/react-tap-event-plugin/-/react-tap-event-plugin-2.0.1.tgz"
    },
    "recompose": {
      "version": "0.21.2",
      "from": "recompose@>=0.21.0 <0.22.0",
      "resolved": "https://registry.npmjs.org/recompose/-/recompose-0.21.2.tgz"
    },
    "reduce-reducers": {
      "version": "0.1.2",
      "from": "reduce-reducers@>=0.1.0 <0.2.0",
      "resolved": "https://registry.npmjs.org/reduce-reducers/-/reduce-reducers-0.1.2.tgz"
    },
    "redux": {
      "version": "3.6.0",
      "from": "redux@>=3.4.0 <4.0.0",
      "resolved": "https://registry.npmjs.org/redux/-/redux-3.6.0.tgz"
    },
    "redux-actions": {
      "version": "0.10.0",
      "from": "redux-actions@0.10.0",
      "resolved": "https://registry.npmjs.org/redux-actions/-/redux-actions-0.10.0.tgz"
    },
    "redux-promise": {
      "version": "0.5.3",
      "from": "redux-promise@>=0.5.3 <0.6.0",
      "resolved": "https://registry.npmjs.org/redux-promise/-/redux-promise-0.5.3.tgz"
    },
    "regenerator-runtime": {
      "version": "0.10.1",
      "from": "regenerator-runtime@>=0.10.0 <0.11.0",
      "resolved": "https://registry.npmjs.org/regenerator-runtime/-/regenerator-runtime-0.10.1.tgz"
    },
    "repeating": {
      "version": "2.0.1",
      "from": "repeating@>=2.0.0 <3.0.0",
      "resolved": "https://registry.npmjs.org/repeating/-/repeating-2.0.1.tgz"
    },
    "rimraf": {
      "version": "2.5.4",
      "from": "rimraf@>=2.4.0 <3.0.0",
      "resolved": "https://registry.npmjs.org/rimraf/-/rimraf-2.5.4.tgz"
    },
    "setimmediate": {
      "version": "1.0.5",
      "from": "setimmediate@>=1.0.5 <2.0.0",
      "resolved": "https://registry.npmjs.org/setimmediate/-/setimmediate-1.0.5.tgz"
    },
    "simple-assign": {
      "version": "0.1.0",
      "from": "simple-assign@>=0.1.0 <0.2.0",
      "resolved": "https://registry.npmjs.org/simple-assign/-/simple-assign-0.1.0.tgz"
    },
    "slash": {
      "version": "1.0.0",
      "from": "slash@>=1.0.0 <2.0.0",
      "resolved": "https://registry.npmjs.org/slash/-/slash-1.0.0.tgz"
    },
    "source-map": {
      "version": "0.5.6",
      "from": "source-map@>=0.5.0 <0.6.0",
      "resolved": "https://registry.npmjs.org/source-map/-/source-map-0.5.6.tgz"
    },
    "source-map-support": {
      "version": "0.4.10",
      "from": "source-map-support@>=0.4.2 <0.5.0",
      "resolved": "https://registry.npmjs.org/source-map-support/-/source-map-support-0.4.10.tgz"
    },
    "stereo-panner-node": {
      "version": "0.2.0",
      "from": "stereo-panner-node@>=0.2.0 <0.3.0",
      "resolved": "https://registry.npmjs.org/stereo-panner-node/-/stereo-panner-node-0.2.0.tgz"
    },
    "strict-uri-encode": {
      "version": "1.1.0",
      "from": "strict-uri-encode@>=1.0.0 <2.0.0",
      "resolved": "https://registry.npmjs.org/strict-uri-encode/-/strict-uri-encode-1.1.0.tgz"
    },
    "strip-ansi": {
      "version": "3.0.1",
      "from": "strip-ansi@>=3.0.0 <4.0.0",
      "resolved": "https://registry.npmjs.org/strip-ansi/-/strip-ansi-3.0.1.tgz"
    },
    "supports-color": {
      "version": "2.0.0",
      "from": "supports-color@>=2.0.0 <3.0.0",
      "resolved": "https://registry.npmjs.org/supports-color/-/supports-color-2.0.0.tgz"
    },
    "svg-inline-react": {
      "version": "1.0.3",
      "from": "svg-inline-react@>=1.0.1 <2.0.0",
      "resolved": "https://registry.npmjs.org/svg-inline-react/-/svg-inline-react-1.0.3.tgz"
    },
    "symbol-observable": {
      "version": "1.0.4",
      "from": "symbol-observable@>=1.0.4 <2.0.0",
      "resolved": "https://registry.npmjs.org/symbol-observable/-/symbol-observable-1.0.4.tgz"
    },
    "to-fast-properties": {
      "version": "1.0.2",
      "from": "to-fast-properties@>=1.0.1 <2.0.0",
      "resolved": "https://registry.npmjs.org/to-fast-properties/-/to-fast-properties-1.0.2.tgz"
    },
    "ua-parser-js": {
      "version": "0.7.12",
      "from": "ua-parser-js@>=0.7.9 <0.8.0",
      "resolved": "https://registry.npmjs.org/ua-parser-js/-/ua-parser-js-0.7.12.tgz"
    },
    "uuid-js": {
      "version": "0.7.5",
      "from": "uuid-js@>=0.7.5 <0.8.0",
      "resolved": "https://registry.npmjs.org/uuid-js/-/uuid-js-0.7.5.tgz"
    },
    "warning": {
      "version": "2.1.0",
      "from": "warning@>=2.0.0 <3.0.0",
      "resolved": "https://registry.npmjs.org/warning/-/warning-2.1.0.tgz"
    },
    "whatwg-fetch": {
      "version": "2.0.1",
      "from": "whatwg-fetch@>=0.10.0",
      "resolved": "https://registry.npmjs.org/whatwg-fetch/-/whatwg-fetch-2.0.1.tgz"
    },
    "wrappy": {
      "version": "1.0.2",
      "from": "wrappy@>=1.0.0 <2.0.0",
      "resolved": "https://registry.npmjs.org/wrappy/-/wrappy-1.0.2.tgz"
    }
  }
}
